
Microsoft Visual Studio Solution File, Format Version 12.00
# Visual Studio Version 17
VisualStudioVersion = 17.9.34728.123
MinimumVisualStudioVersion = 10.0.40219.1
Project("{FAE04EC0-301F-11D3-BF4B-00C04F79EFBC}") = "MenuEstruturasDados", "MenuEstruturasDados\MenuEstruturasDados.csproj", "{F1D60908-DAD0-4C4B-A0E2-52674302E122}"
EndProject
Global
	GlobalSection(SolutionConfigurationPlatforms) = preSolution
		Debug|Any CPU = Debug|Any CPU
		Release|Any CPU = Release|Any CPU
	EndGlobalSection
	GlobalSection(ProjectConfigurationPlatforms) = postSolution
		{F1D60908-DAD0-4C4B-A0E2-52674302E122}.Debug|Any CPU.ActiveCfg = Debug|Any CPU
		{F1D60908-DAD0-4C4B-A0E2-52674302E122}.Debug|Any CPU.Build.0 = Debug|Any CPU
		{F1D60908-DAD0-4C4B-A0E2-52674302E122}.Release|Any CPU.ActiveCfg = Release|Any CPU
		{F1D60908-DAD0-4C4B-A0E2-52674302E122}.Release|Any CPU.Build.0 = Release|Any CPU
	EndGlobalSection
	GlobalSection(SolutionProperties) = preSolution
		HideSolutionNode = FALSE
	EndGlobalSection
	GlobalSection(ExtensibilityGlobals) = postSolution
		SolutionGuid = {B4A2262F-E6D2-405E-9797-5E567E823EAE}
	EndGlobalSection
EndGlobal
